<Solution>
  <Folder Name="/src/">
    <Project Path="src\Quiver.Core\Quiver.Core.csproj" />
    <Project Path="src\Quiver.Storage\Quiver.Storage.csproj" />
    <Project Path="src/Quiver.Operators/Quiver.Operators.csproj" />
    <Project Path="src/Quiver.Transactions/Quiver.Transactions.csproj" />
    <Project Path="src/Quiver/Quiver.csproj" />
    <Project Path="src\Quiver.Codec\Quiver.Codec.csproj" />
    <Project Path="src\Quiver.Wal\Quiver.Wal.csproj" />
    <Project Path="src\Quiver.Stores\Quiver.Stores.csproj" />
    <Project Path="src\Quiver.Index\Quiver.Index.csproj" />
    <Project Path="src\Quiver.Client.Attributes\Quiver.Client.Attributes.csproj" />
    <Project Path="src\Quiver.SourceGen\Quiver.SourceGen.csproj" />
    <Project Path="src\Quiver.Client\Quiver.Client.csproj" />
    <Project Path="src\Quiver.Storage.Sqlite\Quiver.Storage.Sqlite.csproj" />
    <Project Path="src\Quiver.Embedding\Quiver.Embedding.csproj" />
    <Project Path="src\Quiver.Hosting\Quiver.Hosting.csproj" />
    <Project Path="src\Quiver.OpenTelemetry\Quiver.OpenTelemetry.csproj" />
  </Folder>
  <Folder Name="/benchmarks/">
    <Project Path="benchmarks\Quiver.Benchmarks\Quiver.Benchmarks.csproj" />
  </Folder>
  <Folder Name="/sandbox/">
    <Project Path="sandbox\QuiverSandbox\QuiverSandbox.csproj" />
  </Folder>
  <Folder Name="/samples/">
    <Project Path="samples\Quiver.Samples.Crud\Quiver.Samples.Crud.csproj" />
    <Project Path="samples\Quiver.Samples.Traversal\Quiver.Samples.Traversal.csproj" />
    <Project Path="samples\Quiver.Samples.Match\Quiver.Samples.Match.csproj" />
    <Project Path="samples\Quiver.Samples.SourceGen\Quiver.Samples.SourceGen.csproj" />
    <Project Path="samples\Quiver.Samples.Vector\Quiver.Samples.Vector.csproj" />
    <Project Path="samples\Quiver.Samples.Hosting\Quiver.Samples.Hosting.csproj" />
    <Project Path="samples\Quiver.Samples.Observability\Quiver.Samples.Observability.csproj" />
  </Folder>
  <Folder Name="/tests/">
    <Project Path="tests\Quiver.Storage.Tests\Quiver.Storage.Tests.csproj" />
    <Project Path="tests/Quiver.Operators.Tests/Quiver.Operators.Tests.csproj" />
    <Project Path="tests/Quiver.Tests/Quiver.Tests.csproj" />
    <Project Path="tests/Quiver.Transactions.Tests/Quiver.Transactions.Tests.csproj" />
    <Project Path="tests\Quiver.Codec.Tests\Quiver.Codec.Tests.csproj" />
    <Project Path="tests\Quiver.Wal.Tests\Quiver.Wal.Tests.csproj" />
    <Project Path="tests\Quiver.Stores.Tests\Quiver.Stores.Tests.csproj" />
    <Project Path="tests\Quiver.Index.Tests\Quiver.Index.Tests.csproj" />
    <Project Path="tests\Quiver.Client.Tests\Quiver.Client.Tests.csproj" />
    <Project Path="tests\Quiver.SourceGen.Tests\Quiver.SourceGen.Tests.csproj" />
    <Project Path="tests\Quiver.Backend.Tests\Quiver.Backend.Tests.csproj" />
    <Project Path="tests\Quiver.Storage.Sqlite.Tests\Quiver.Storage.Sqlite.Tests.csproj" />
    <Project Path="tests\Quiver.Hosting.Tests\Quiver.Hosting.Tests.csproj" />
  </Folder>
</Solution>
